
Microsoft Visual Studio Solution File, Format Version 12.00
# Visual Studio Version 16
VisualStudioVersion = 16.0.30907.101
MinimumVisualStudioVersion = 10.0.40219.1
Project("{FAE04EC0-301F-11D3-BF4B-00C04F79EFBC}") = "CarData", "CarData\CarData.csproj", "{0E3B3ADD-1367-4572-ABAB-4B730DD9863A}"
EndProject
Global
	GlobalSection(SolutionConfigurationPlatforms) = preSolution
		Debug|Any CPU = Debug|Any CPU
		Release|Any CPU = Release|Any CPU
	EndGlobalSection
	GlobalSection(ProjectConfigurationPlatforms) = postSolution
		{0E3B3ADD-1367-4572-ABAB-4B730DD9863A}.Debug|Any CPU.ActiveCfg = Debug|Any CPU
		{0E3B3ADD-1367-4572-ABAB-4B730DD9863A}.Debug|Any CPU.Build.0 = Debug|Any CPU
		{0E3B3ADD-1367-4572-ABAB-4B730DD9863A}.Release|Any CPU.ActiveCfg = Release|Any CPU
		{0E3B3ADD-1367-4572-ABAB-4B730DD9863A}.Release|Any CPU.Build.0 = Release|Any CPU
	EndGlobalSection
	GlobalSection(SolutionProperties) = preSolution
		HideSolutionNode = FALSE
	EndGlobalSection
	GlobalSection(ExtensibilityGlobals) = postSolution
		SolutionGuid = {55933F8D-20CF-45A0-BE68-1A6B9188612A}
	EndGlobalSection
EndGlobal
